
Microsoft Visual Studio Solution File, Format Version 12.00
# Visual Studio Version 16
VisualStudioVersion = 16.0.30330.147
MinimumVisualStudioVersion = 10.0.40219.1
Project("{FAE04EC0-301F-11D3-BF4B-00C04F79EFBC}") = "Tacocat", "Tacocat.csproj", "{E97304C8-4AEE-407E-B1B6-4541F7740DD6}"
EndProject
Global
	GlobalSection(SolutionConfigurationPlatforms) = preSolution
		Debug|Any CPU = Debug|Any CPU
		Release|Any CPU = Release|Any CPU
	EndGlobalSection
	GlobalSection(ProjectConfigurationPlatforms) = postSolution
		{E97304C8-4AEE-407E-B1B6-4541F7740DD6}.Debug|Any CPU.ActiveCfg = Debug|Any CPU
		{E97304C8-4AEE-407E-B1B6-4541F7740DD6}.Debug|Any CPU.Build.0 = Debug|Any CPU
		{E97304C8-4AEE-407E-B1B6-4541F7740DD6}.Release|Any CPU.ActiveCfg = Release|Any CPU
		{E97304C8-4AEE-407E-B1B6-4541F7740DD6}.Release|Any CPU.Build.0 = Release|Any CPU
	EndGlobalSection
	GlobalSection(SolutionProperties) = preSolution
		HideSolutionNode = FALSE
	EndGlobalSection
	GlobalSection(ExtensibilityGlobals) = postSolution
		SolutionGuid = {C671D5B1-1F19-4B26-A0E6-8897A2B9BEAF}
	EndGlobalSection
EndGlobal
